
Microsoft Visual Studio Solution File, Format Version 12.00
# Visual Studio Version 17
VisualStudioVersion = 17.5.002.0
MinimumVisualStudioVersion = 10.0.40219.1
Project("{9A19103F-16F7-4668-BE54-9A1E7A4F7556}") = "5", "5.csproj", "{48772E10-FF41-42F5-A96D-52FD77756C79}"
EndProject
Global
	GlobalSection(SolutionConfigurationPlatforms) = preSolution
		Debug|Any CPU = Debug|Any CPU
		Release|Any CPU = Release|Any CPU
	EndGlobalSection
	GlobalSection(ProjectConfigurationPlatforms) = postSolution
		{48772E10-FF41-42F5-A96D-52FD77756C79}.Debug|Any CPU.ActiveCfg = Debug|Any CPU
		{48772E10-FF41-42F5-A96D-52FD77756C79}.Debug|Any CPU.Build.0 = Debug|Any CPU
		{48772E10-FF41-42F5-A96D-52FD77756C79}.Release|Any CPU.ActiveCfg = Release|Any CPU
		{48772E10-FF41-42F5-A96D-52FD77756C79}.Release|Any CPU.Build.0 = Release|Any CPU
	EndGlobalSection
	GlobalSection(SolutionProperties) = preSolution
		HideSolutionNode = FALSE
	EndGlobalSection
	GlobalSection(ExtensibilityGlobals) = postSolution
		SolutionGuid = {AE8BF81C-C934-4A6F-8195-28457198B992}
	EndGlobalSection
EndGlobal
